
Microsoft Visual Studio Solution File, Format Version 12.00
# Visual Studio Version 17
VisualStudioVersion = 17.4.33103.184
MinimumVisualStudioVersion = 10.0.40219.1
Project("{FAE04EC0-301F-11D3-BF4B-00C04F79EFBC}") = "GitHubActionsTest", "GitHubActionsTest\GitHubActionsTest.csproj", "{15AFF53F-34DA-4F39-B275-97E45C17BC3C}"
EndProject
Global
	GlobalSection(SolutionConfigurationPlatforms) = preSolution
		Debug|Any CPU = Debug|Any CPU
		Release|Any CPU = Release|Any CPU
	EndGlobalSection
	GlobalSection(ProjectConfigurationPlatforms) = postSolution
		{15AFF53F-34DA-4F39-B275-97E45C17BC3C}.Debug|Any CPU.ActiveCfg = Debug|Any CPU
		{15AFF53F-34DA-4F39-B275-97E45C17BC3C}.Debug|Any CPU.Build.0 = Debug|Any CPU
		{15AFF53F-34DA-4F39-B275-97E45C17BC3C}.Release|Any CPU.ActiveCfg = Release|Any CPU
		{15AFF53F-34DA-4F39-B275-97E45C17BC3C}.Release|Any CPU.Build.0 = Release|Any CPU
	EndGlobalSection
	GlobalSection(SolutionProperties) = preSolution
		HideSolutionNode = FALSE
	EndGlobalSection
	GlobalSection(ExtensibilityGlobals) = postSolution
		SolutionGuid = {BFBCAFAF-E50C-445E-955A-B9DCF7B0C8D5}
	EndGlobalSection
EndGlobal
